
Microsoft Visual Studio Solution File, Format Version 12.00
Project("{FAE04EC0-301F-11D3-BF4B-00C04F79EFBC}") = "CSharpLib", "CSharpLib\CSharpLib.csproj", "{407DD2BB-0F64-437D-A6DE-9A48796BF109}"
EndProject
Project("{F2A71F9B-5D33-465A-A702-920D77279786}") = "FSharpLib", "FSharpLib\FSharpLib.fsproj", "{8C4836E9-F92D-4269-82E3-FFDA6EF01D01}"
EndProject
Global
	GlobalSection(SolutionConfigurationPlatforms) = preSolution
		Debug|Any CPU = Debug|Any CPU
		Release|Any CPU = Release|Any CPU
	EndGlobalSection
	GlobalSection(ProjectConfigurationPlatforms) = postSolution
		{407DD2BB-0F64-437D-A6DE-9A48796BF109}.Debug|Any CPU.ActiveCfg = Debug|Any CPU
		{407DD2BB-0F64-437D-A6DE-9A48796BF109}.Debug|Any CPU.Build.0 = Debug|Any CPU
		{407DD2BB-0F64-437D-A6DE-9A48796BF109}.Release|Any CPU.ActiveCfg = Release|Any CPU
		{407DD2BB-0F64-437D-A6DE-9A48796BF109}.Release|Any CPU.Build.0 = Release|Any CPU
		{8C4836E9-F92D-4269-82E3-FFDA6EF01D01}.Debug|Any CPU.ActiveCfg = Debug|Any CPU
		{8C4836E9-F92D-4269-82E3-FFDA6EF01D01}.Debug|Any CPU.Build.0 = Debug|Any CPU
		{8C4836E9-F92D-4269-82E3-FFDA6EF01D01}.Release|Any CPU.ActiveCfg = Release|Any CPU
		{8C4836E9-F92D-4269-82E3-FFDA6EF01D01}.Release|Any CPU.Build.0 = Release|Any CPU
	EndGlobalSection
EndGlobal
